
Microsoft Visual Studio Solution File, Format Version 12.00
# Visual Studio 15
VisualStudioVersion = 15.0.27703.2042
MinimumVisualStudioVersion = 10.0.40219.1
Project("{8BC9CEB8-8B4A-11D0-8D11-00A0C91BC942}") = "BFS-DFS", "BFS-DFS\BFS-DFS.vcxproj", "{A546DC75-CE7E-48F7-9985-FDB00E8646DE}"
EndProject
Global
	GlobalSection(SolutionConfigurationPlatforms) = preSolution
		Debug|x64 = Debug|x64
		Debug|x86 = Debug|x86
		Release|x64 = Release|x64
		Release|x86 = Release|x86
	EndGlobalSection
	GlobalSection(ProjectConfigurationPlatforms) = postSolution
		{A546DC75-CE7E-48F7-9985-FDB00E8646DE}.Debug|x64.ActiveCfg = Debug|x64
		{A546DC75-CE7E-48F7-9985-FDB00E8646DE}.Debug|x64.Build.0 = Debug|x64
		{A546DC75-CE7E-48F7-9985-FDB00E8646DE}.Debug|x86.ActiveCfg = Debug|Win32
		{A546DC75-CE7E-48F7-9985-FDB00E8646DE}.Debug|x86.Build.0 = Debug|Win32
		{A546DC75-CE7E-48F7-9985-FDB00E8646DE}.Release|x64.ActiveCfg = Release|x64
		{A546DC75-CE7E-48F7-9985-FDB00E8646DE}.Release|x64.Build.0 = Release|x64
		{A546DC75-CE7E-48F7-9985-FDB00E8646DE}.Release|x86.ActiveCfg = Release|Win32
		{A546DC75-CE7E-48F7-9985-FDB00E8646DE}.Release|x86.Build.0 = Release|Win32
	EndGlobalSection
	GlobalSection(SolutionProperties) = preSolution
		HideSolutionNode = FALSE
	EndGlobalSection
	GlobalSection(ExtensibilityGlobals) = postSolution
		SolutionGuid = {F1B6314F-7D4E-4EEA-A869-D6039B963D21}
	EndGlobalSection
EndGlobal
